
Microsoft Visual Studio Solution File, Format Version 12.00
# Visual Studio Version 17
VisualStudioVersion = 17.1.32210.238
MinimumVisualStudioVersion = 10.0.40219.1
Project("{FAE04EC0-301F-11D3-BF4B-00C04F79EFBC}") = "EjercicioNet", "Ejercicio.Net\EjercicioNet.csproj", "{8EF95338-573C-4E11-8C3E-CF5D0F08519F}"
EndProject
Global
	GlobalSection(SolutionConfigurationPlatforms) = preSolution
		Debug|Any CPU = Debug|Any CPU
		Release|Any CPU = Release|Any CPU
	EndGlobalSection
	GlobalSection(ProjectConfigurationPlatforms) = postSolution
		{8EF95338-573C-4E11-8C3E-CF5D0F08519F}.Debug|Any CPU.ActiveCfg = Debug|Any CPU
		{8EF95338-573C-4E11-8C3E-CF5D0F08519F}.Debug|Any CPU.Build.0 = Debug|Any CPU
		{8EF95338-573C-4E11-8C3E-CF5D0F08519F}.Release|Any CPU.ActiveCfg = Release|Any CPU
		{8EF95338-573C-4E11-8C3E-CF5D0F08519F}.Release|Any CPU.Build.0 = Release|Any CPU
	EndGlobalSection
	GlobalSection(SolutionProperties) = preSolution
		HideSolutionNode = FALSE
	EndGlobalSection
	GlobalSection(ExtensibilityGlobals) = postSolution
		SolutionGuid = {AC7311E2-53DB-4C68-8570-31918E460A6E}
	EndGlobalSection
EndGlobal
